
Microsoft Visual Studio Solution File, Format Version 12.00
# Visual Studio Version 16
VisualStudioVersion = 16.0.29306.81
MinimumVisualStudioVersion = 10.0.40219.1
Project("{FAE04EC0-301F-11D3-BF4B-00C04F79EFBC}") = "Squash", "Squash\Squash.csproj", "{389BA859-FBF4-4728-B5DD-8D94B5A1B0EE}"
EndProject
Global
	GlobalSection(SolutionConfigurationPlatforms) = preSolution
		Debug|Any CPU = Debug|Any CPU
		Release|Any CPU = Release|Any CPU
	EndGlobalSection
	GlobalSection(ProjectConfigurationPlatforms) = postSolution
		{389BA859-FBF4-4728-B5DD-8D94B5A1B0EE}.Debug|Any CPU.ActiveCfg = Debug|Any CPU
		{389BA859-FBF4-4728-B5DD-8D94B5A1B0EE}.Debug|Any CPU.Build.0 = Debug|Any CPU
		{389BA859-FBF4-4728-B5DD-8D94B5A1B0EE}.Release|Any CPU.ActiveCfg = Release|Any CPU
		{389BA859-FBF4-4728-B5DD-8D94B5A1B0EE}.Release|Any CPU.Build.0 = Release|Any CPU
	EndGlobalSection
	GlobalSection(SolutionProperties) = preSolution
		HideSolutionNode = FALSE
	EndGlobalSection
	GlobalSection(ExtensibilityGlobals) = postSolution
		SolutionGuid = {EB6DFDA8-E7C6-4899-99E4-200DEFC05FEC}
	EndGlobalSection
EndGlobal
